<?xml version="1.0" encoding="utf-8"?>
<Project ToolsVersion="4.0" xmlns="http://schemas.microsoft.com/developer/msbuild/2003">
  <ItemGroup>
    <Filter Include="Resources">
      <UniqueIdentifier>{000BCD17-6C75-818E-B5B3-3234215D5FE3}</UniqueIdentifier>
    </Filter>
    <Filter Include="source">
      <UniqueIdentifier>{76FF3A1C-62A1-65F2-4B5C-7946379DEC42}</UniqueIdentifier>
    </Filter>
    <Filter Include="source\stages">
      <UniqueIdentifier>{8cd8a819-1d7b-48bc-9c00-5205b3b9c530}</UniqueIdentifier>
    </Filter>
    <Filter Include="source\characters">
      <UniqueIdentifier>{7b0a77d4-bd94-459e-b49c-731c81cceb54}</UniqueIdentifier>
    </Filter>
    <Filter Include="source\misc">
      <UniqueIdentifier>{ddb36d8d-5b82-4a90-90e1-1daf15a87383}</UniqueIdentifier>
    </Filter>
    <Filter Include="source\mkd">
      <UniqueIdentifier>{f4bb26db-cff1-41bf-9daa-808c7d9a255f}</UniqueIdentifier>
    </Filter>
    <Filter Include="source\pcsx2">
      <UniqueIdentifier>{e20e05ce-5447-4a12-bfb5-979a6dd40265}</UniqueIdentifier>
    </Filter>
    <Filter Include="source\characters\mku">
      <UniqueIdentifier>{8d05892a-a14a-49b1-91a1-9c4b405ffd14}</UniqueIdentifier>
    </Filter>
    <Filter Include="source\characters\umkd">
      <UniqueIdentifier>{8ef75b1e-8f9c-4a24-b26f-2f76c1019b52}</UniqueIdentifier>
    </Filter>
    <Filter Include="source\characters\mkd">
      <UniqueIdentifier>{29adc650-0063-419d-9229-fec148a46c99}</UniqueIdentifier>
    </Filter>
  </ItemGroup>
  <ItemGroup>
    <ClCompile Include="main.c">
      <Filter>source</Filter>
    </ClCompile>
    <ClCompile Include="ps2mem.c">
      <Filter>source</Filter>
    </ClCompile>
    <ClCompile Include="mkdhook.c">
      <Filter>source</Filter>
    </ClCompile>
    <ClCompile Include="mkdmenu.c">
      <Filter>source</Filter>
    </ClCompile>
    <ClCompile Include="stage.c">
      <Filter>source</Filter>
    </ClCompile>
    <ClCompile Include="mouse.c">
      <Filter>source</Filter>
    </ClCompile>
    <ClCompile Include="mips.c">
      <Filter>source</Filter>
    </ClCompile>
    <ClCompile Include="stages\acidbath.c">
      <Filter>source\stages</Filter>
    </ClCompile>
    <ClCompile Include="stages\katakombs.c">
      <Filter>source\stages</Filter>
    </ClCompile>
    <ClCompile Include="ladder.c">
      <Filter>source</Filter>
    </ClCompile>
    <ClCompile Include="character.c">
      <Filter>source</Filter>
    </ClCompile>
    <ClCompile Include="moves.c">
      <Filter>source</Filter>
    </ClCompile>
    <ClCompile Include="characters\character_list.c">
      <Filter>source\characters</Filter>
    </ClCompile>
    <ClCompile Include="misc\pselect.c">
      <Filter>source\misc</Filter>
    </ClCompile>
    <ClCompile Include="mkd\core.c">
      <Filter>source\mkd</Filter>
    </ClCompile>
    <ClCompile Include="mkd\input.c">
      <Filter>source\mkd</Filter>
    </ClCompile>
    <ClCompile Include="mkd\camera.c">
      <Filter>source\mkd</Filter>
    </ClCompile>
    <ClCompile Include="mkd\string.c">
      <Filter>source\mkd</Filter>
    </ClCompile>
    <ClCompile Include="mkd\konquest.c">
      <Filter>source\mkd</Filter>
    </ClCompile>
    <ClCompile Include="mkd\screen.c">
      <Filter>source\mkd</Filter>
    </ClCompile>
    <ClCompile Include="mkd\object.c">
      <Filter>source\mkd</Filter>
    </ClCompile>
    <ClCompile Include="mkd\script.c">
      <Filter>source\mkd</Filter>
    </ClCompile>
    <ClCompile Include="mkd\content.c">
      <Filter>source\mkd</Filter>
    </ClCompile>
    <ClCompile Include="scripthook.c">
      <Filter>source</Filter>
    </ClCompile>
    <ClCompile Include="sound.c">
      <Filter>source</Filter>
    </ClCompile>
    <ClCompile Include="reactions.c">
      <Filter>source</Filter>
    </ClCompile>
    <ClCompile Include="misc\misc_anims.c">
      <Filter>source\misc</Filter>
    </ClCompile>
    <ClCompile Include="sound_bank.c">
      <Filter>source</Filter>
    </ClCompile>
    <ClCompile Include="misc\fatalityanims.c">
      <Filter>source\misc</Filter>
    </ClCompile>
    <ClCompile Include="settings.c">
      <Filter>source</Filter>
    </ClCompile>
    <ClCompile Include="pcsx2\rini.c">
      <Filter>source\pcsx2</Filter>
    </ClCompile>
    <ClCompile Include="pcsx2\inireader.c">
      <Filter>source\pcsx2</Filter>
    </ClCompile>
    <ClCompile Include="generic.c">
      <Filter>source</Filter>
    </ClCompile>
    <ClCompile Include="mkd\fx.c">
      <Filter>source\mkd</Filter>
    </ClCompile>
    <ClCompile Include="voice.c">
      <Filter>source</Filter>
    </ClCompile>
    <ClCompile Include="characters\frost.c">
      <Filter>source\characters\mku</Filter>
    </ClCompile>
    <ClCompile Include="characters\jax.c">
      <Filter>source\characters\mku</Filter>
    </ClCompile>
    <ClCompile Include="characters\kitana.c">
      <Filter>source\characters\mku</Filter>
    </ClCompile>
    <ClCompile Include="characters\blaze.c">
      <Filter>source\characters\mku</Filter>
    </ClCompile>
    <ClCompile Include="characters\shaokahn.c">
      <Filter>source\characters\mku</Filter>
    </ClCompile>
    <ClCompile Include="characters\goro.c">
      <Filter>source\characters\mku</Filter>
    </ClCompile>
    <ClCompile Include="characters\sonya.c">
      <Filter>source\characters\umkd</Filter>
    </ClCompile>
    <ClCompile Include="characters\ashrah.c">
      <Filter>source\characters\mkd</Filter>
    </ClCompile>
    <ClCompile Include="characters\baraka.c">
      <Filter>source\characters\mkd</Filter>
    </ClCompile>
    <ClCompile Include="characters\dragonking.c">
      <Filter>source\characters\umkd</Filter>
    </ClCompile>
    <ClCompile Include="characters\ermac.c">
      <Filter>source\characters\mkd</Filter>
    </ClCompile>
    <ClCompile Include="characters\liukang.c">
      <Filter>source\characters\mkd</Filter>
    </ClCompile>
    <ClCompile Include="characters\mkda_blaze.c">
      <Filter>source\characters\mkd</Filter>
    </ClCompile>
    <ClCompile Include="characters\mkda_kano.c">
      <Filter>source\characters\mkd</Filter>
    </ClCompile>
    <ClCompile Include="characters\mkda_kung_lao.c">
      <Filter>source\characters\mkd</Filter>
    </ClCompile>
    <ClCompile Include="characters\mkda_mokap.c">
      <Filter>source\characters\mkd</Filter>
    </ClCompile>
    <ClCompile Include="characters\mkda_raiden.c">
      <Filter>source\characters\mkd</Filter>
    </ClCompile>
    <ClCompile Include="characters\noob.c">
      <Filter>source\characters\mkd</Filter>
    </ClCompile>
    <ClCompile Include="characters\scorpion.c">
      <Filter>source\characters\mkd</Filter>
    </ClCompile>
    <ClCompile Include="characters\smoke.c">
      <Filter>source\characters\mkd</Filter>
    </ClCompile>
    <ClCompile Include="characters\subzero.c">
      <Filter>source\characters\mkd</Filter>
    </ClCompile>
    <ClCompile Include="chess.c">
      <Filter>source</Filter>
    </ClCompile>
    <ClCompile Include="qs.c">
      <Filter>source</Filter>
    </ClCompile>
    <ClCompile Include="stages\darkprison.c">
      <Filter>source\stages</Filter>
    </ClCompile>
    <ClCompile Include="characters\drahmin.c">
      <Filter>source\characters\umkd</Filter>
    </ClCompile>
    <ClCompile Include="characters\sareena.c">
      <Filter>source\characters\umkd</Filter>
    </ClCompile>
    <ClCompile Include="characters\quanchi.c">
      <Filter>source\characters\umkd</Filter>
    </ClCompile>
    <ClCompile Include="characters\shangtsung.c">
      <Filter>source\characters\umkd</Filter>
    </ClCompile>
    <ClCompile Include="characters\kunglao.c">
      <Filter>source\characters\umkd</Filter>
    </ClCompile>
    <ClCompile Include="characters\cage.c">
      <Filter>source\characters\umkd</Filter>
    </ClCompile>
    <ClCompile Include="network.c">
      <Filter>source</Filter>
    </ClCompile>
    <ClCompile Include="characters\rain.c">
      <Filter>source\characters\umkd</Filter>
    </ClCompile>
    <ClCompile Include="stages\teststage.c">
      <Filter>source\stages</Filter>
    </ClCompile>
    <ClCompile Include="characters\nitara.c">
      <Filter>source\characters\umkd</Filter>
    </ClCompile>
    <ClCompile Include="characters\sektor.c">
      <Filter>source\characters\umkd</Filter>
    </ClCompile>
    <ClCompile Include="practice.c">
      <Filter>source</Filter>
    </ClCompile>
  </ItemGroup>
  <ItemGroup>
    <ClInclude Include="ps2mem.h">
      <Filter>source</Filter>
    </ClInclude>
    <ClInclude Include="mkdeception.h">
      <Filter>source</Filter>
    </ClInclude>
    <ClInclude Include="mkdhook.h">
      <Filter>source</Filter>
    </ClInclude>
    <ClInclude Include="mkdmenu.h">
      <Filter>source</Filter>
    </ClInclude>
    <ClInclude Include="stage.h">
      <Filter>source</Filter>
    </ClInclude>
    <ClInclude Include="toc.h">
      <Filter>source</Filter>
    </ClInclude>
    <ClInclude Include="mouse.h">
      <Filter>source</Filter>
    </ClInclude>
    <ClInclude Include="mips.h">
      <Filter>source</Filter>
    </ClInclude>
    <ClInclude Include="stages\acidbath.h">
      <Filter>source\stages</Filter>
    </ClInclude>
    <ClInclude Include="stages\katakombs.h">
      <Filter>source\stages</Filter>
    </ClInclude>
    <ClInclude Include="ladder.h">
      <Filter>source</Filter>
    </ClInclude>
    <ClInclude Include="character.h">
      <Filter>source</Filter>
    </ClInclude>
    <ClInclude Include="moves.h">
      <Filter>source</Filter>
    </ClInclude>
    <ClInclude Include="characters\character_list.h">
      <Filter>source\characters</Filter>
    </ClInclude>
    <ClInclude Include="misc\pselect.h">
      <Filter>source\misc</Filter>
    </ClInclude>
    <ClInclude Include="mkd\core.h">
      <Filter>source\mkd</Filter>
    </ClInclude>
    <ClInclude Include="mkd\input.h">
      <Filter>source\mkd</Filter>
    </ClInclude>
    <ClInclude Include="mkd\camera.h">
      <Filter>source\mkd</Filter>
    </ClInclude>
    <ClInclude Include="mkd\string.h">
      <Filter>source\mkd</Filter>
    </ClInclude>
    <ClInclude Include="mkd\konquest.h">
      <Filter>source\mkd</Filter>
    </ClInclude>
    <ClInclude Include="mkd\screen.h">
      <Filter>source\mkd</Filter>
    </ClInclude>
    <ClInclude Include="mkd\object.h">
      <Filter>source\mkd</Filter>
    </ClInclude>
    <ClInclude Include="mkd\plr_info.h">
      <Filter>source\mkd</Filter>
    </ClInclude>
    <ClInclude Include="mkd\script.h">
      <Filter>source\mkd</Filter>
    </ClInclude>
    <ClInclude Include="mkd\content.h">
      <Filter>source\mkd</Filter>
    </ClInclude>
    <ClInclude Include="types.h">
      <Filter>source</Filter>
    </ClInclude>
    <ClInclude Include="scripthook.h">
      <Filter>source</Filter>
    </ClInclude>
    <ClInclude Include="sound.h">
      <Filter>source</Filter>
    </ClInclude>
    <ClInclude Include="reactions.h">
      <Filter>source</Filter>
    </ClInclude>
    <ClInclude Include="misc\misc_anims.h">
      <Filter>source\misc</Filter>
    </ClInclude>
    <ClInclude Include="sound_bank.h">
      <Filter>source</Filter>
    </ClInclude>
    <ClInclude Include="misc\fatalityanims.h">
      <Filter>source\misc</Filter>
    </ClInclude>
    <ClInclude Include="settings.h">
      <Filter>source</Filter>
    </ClInclude>
    <ClInclude Include="pcsx2\rini.h">
      <Filter>source\pcsx2</Filter>
    </ClInclude>
    <ClInclude Include="pcsx2\inireader.h">
      <Filter>source\pcsx2</Filter>
    </ClInclude>
    <ClInclude Include="generic.h">
      <Filter>source</Filter>
    </ClInclude>
    <ClInclude Include="mkd\fx.h">
      <Filter>source\mkd</Filter>
    </ClInclude>
    <ClInclude Include="voice.h">
      <Filter>source</Filter>
    </ClInclude>
    <ClInclude Include="linkfile_ps2">
      <Filter>Resources</Filter>
    </ClInclude>
    <ClInclude Include="build_config.h">
      <Filter>Resources</Filter>
    </ClInclude>
    <ClInclude Include="characters\frost.h">
      <Filter>source\characters\mku</Filter>
    </ClInclude>
    <ClInclude Include="characters\jax.h">
      <Filter>source\characters\mku</Filter>
    </ClInclude>
    <ClInclude Include="characters\kitana.h">
      <Filter>source\characters\mku</Filter>
    </ClInclude>
    <ClInclude Include="characters\blaze.h">
      <Filter>source\characters\mku</Filter>
    </ClInclude>
    <ClInclude Include="characters\shaokahn.h">
      <Filter>source\characters\mku</Filter>
    </ClInclude>
    <ClInclude Include="characters\goro.h">
      <Filter>source\characters\mku</Filter>
    </ClInclude>
    <ClInclude Include="characters\sonya.h">
      <Filter>source\characters\umkd</Filter>
    </ClInclude>
    <ClInclude Include="characters\ashrah.h">
      <Filter>source\characters\mkd</Filter>
    </ClInclude>
    <ClInclude Include="characters\baraka.h">
      <Filter>source\characters\mkd</Filter>
    </ClInclude>
    <ClInclude Include="characters\dragonking.h">
      <Filter>source\characters\umkd</Filter>
    </ClInclude>
    <ClInclude Include="characters\ermac.h">
      <Filter>source\characters\mkd</Filter>
    </ClInclude>
    <ClInclude Include="characters\liukang.h">
      <Filter>source\characters\mkd</Filter>
    </ClInclude>
    <ClInclude Include="characters\mkda_blaze.h">
      <Filter>source\characters\mkd</Filter>
    </ClInclude>
    <ClInclude Include="characters\mkda_kano.h">
      <Filter>source\characters\mkd</Filter>
    </ClInclude>
    <ClInclude Include="characters\mkda_kung_lao.h">
      <Filter>source\characters\mkd</Filter>
    </ClInclude>
    <ClInclude Include="characters\mkda_mokap.h">
      <Filter>source\characters\mkd</Filter>
    </ClInclude>
    <ClInclude Include="characters\mkda_raiden.h">
      <Filter>source\characters\mkd</Filter>
    </ClInclude>
    <ClInclude Include="characters\noob.h">
      <Filter>source\characters\mkd</Filter>
    </ClInclude>
    <ClInclude Include="characters\scorpion.h">
      <Filter>source\characters\mkd</Filter>
    </ClInclude>
    <ClInclude Include="characters\smoke.h">
      <Filter>source\characters\mkd</Filter>
    </ClInclude>
    <ClInclude Include="characters\subzero.h">
      <Filter>source\characters\mkd</Filter>
    </ClInclude>
    <ClInclude Include="chess.h">
      <Filter>source</Filter>
    </ClInclude>
    <ClInclude Include="qs.h">
      <Filter>source</Filter>
    </ClInclude>
    <ClInclude Include="stages\darkprison.h">
      <Filter>source\stages</Filter>
    </ClInclude>
    <ClInclude Include="characters\drahmin.h">
      <Filter>source\characters\umkd</Filter>
    </ClInclude>
    <ClInclude Include="characters\sareena.h">
      <Filter>source\characters\umkd</Filter>
    </ClInclude>
    <ClInclude Include="characters\quanchi.h">
      <Filter>source\characters\umkd</Filter>
    </ClInclude>
    <ClInclude Include="characters\shangtsung.h">
      <Filter>source\characters\umkd</Filter>
    </ClInclude>
    <ClInclude Include="characters\kunglao.h">
      <Filter>source\characters\umkd</Filter>
    </ClInclude>
    <ClInclude Include="characters\cage.h">
      <Filter>source\characters\umkd</Filter>
    </ClInclude>
    <ClInclude Include="network.h">
      <Filter>source</Filter>
    </ClInclude>
    <ClInclude Include="characters\rain.h">
      <Filter>source\characters\umkd</Filter>
    </ClInclude>
    <ClInclude Include="stages\teststage.h">
      <Filter>source\stages</Filter>
    </ClInclude>
    <ClInclude Include="characters\nitara.h">
      <Filter>source\characters\umkd</Filter>
    </ClInclude>
    <ClInclude Include="characters\sektor.h">
      <Filter>source\characters\umkd</Filter>
    </ClInclude>
    <ClInclude Include="practice.h">
      <Filter>source</Filter>
    </ClInclude>
  </ItemGroup>
  <ItemGroup>
    <None Include="makefile">
      <Filter>Resources</Filter>
    </None>
    <None Include="..\README.md">
      <Filter>Resources</Filter>
    </None>
    <None Include="linkfile">
      <Filter>Resources</Filter>
    </None>
    <None Include="eemakefile.eeglobal">
      <Filter>Resources</Filter>
    </None>
    <None Include="generic_asm.s">
      <Filter>source</Filter>
    </None>
  </ItemGroup>
</Project>